PODS:
  - MagicalRecord (2.3.0)
  - Nimble (2.0.0-rc.2)
  - Quick (0.5.1)
  - SwiftImport (0.1.0)

DEPENDENCIES:
  - MagicalRecord
  - Nimble (from `https://github.com/Quick/Nimble.git`, branch `swift-2.0`)
  - Quick (from `https://github.com/Quick/Quick.git`, branch `swift-2.0`)
  - SwiftImport (from `../`)

EXTERNAL SOURCES:
  Nimble:
    :branch: swift-2.0
    :git: https://github.com/Quick/Nimble.git
  Quick:
    :branch: swift-2.0
    :git: https://github.com/Quick/Quick.git
  SwiftImport:
    :path: ../

CHECKOUT OPTIONS:
  Nimble:
    :commit: 930aab083cd4e2054faca10431929202dc807a07
    :git: https://github.com/Quick/Nimble.git
  Quick:
    :commit: b6e311acc3dc79835969defa52d865f1e9eb3515
    :git: https://github.com/Quick/Quick.git

SPEC CHECKSUMS:
  MagicalRecord: 89eb7d7ead39fb37f01c3d010665ee94d17f8dba
  Nimble: e3cf5e73a491daf21c2bc88783dbfc55ce8b8e02
  Quick: 7426537a99e75076d6930c5b6da58006e4a9f38a
  SwiftImport: 02f2f835b9ea1546400764dc36c80a1a861cc65d

COCOAPODS: 0.38.2
